// !$*UTF8*$!
{
	archiveVersion = 1;
	classes = {
	};
	objectVersion = 55;
	objects = {

/* Begin PBXBuildFile section */
		91375DA02755EF460029FD69 /* DynamicFetchRequestApp.swift in Sources */ = {isa = PBXBuildFile; fileRef = 91375D9F2755EF460029FD69 /* DynamicFetchRequestApp.swift */; };
		91375DA22755EF460029FD69 /* ContentView.swift in Sources */ = {isa = PBXBuildFile; fileRef = 91375DA12755EF460029FD69 /* ContentView.swift */; };
		91375DA42755EF470029FD69 /* Assets.xcassets in Resources */ = {isa = PBXBuildFile; fileRef = 91375DA32755EF470029FD69 /* Assets.xcassets */; };
		91375DA72755EF470029FD69 /* Preview Assets.xcassets in Resources */ = {isa = PBXBuildFile; fileRef = 91375DA62755EF470029FD69 /* Preview Assets.xcassets */; };
		91375DAE2755EF990029FD69 /* FilteredList.swift in Sources */ = {isa = PBXBuildFile; fileRef = 91375DAD2755EF990029FD69 /* FilteredList.swift */; };
		91375DB12755F67C0029FD69 /* CoreDataModel.xcdatamodeld in Sources */ = {isa = PBXBuildFile; fileRef = 91375DAF2755F67C0029FD69 /* CoreDataModel.xcdatamodeld */; };
		91375DB42755F7630029FD69 /* Singer+CoreDataClass.swift in Sources */ = {isa = PBXBuildFile; fileRef = 91375DB22755F7630029FD69 /* Singer+CoreDataClass.swift */; };
		91375DB52755F7630029FD69 /* Singer+CoreDataProperties.swift in Sources */ = {isa = PBXBuildFile; fileRef = 91375DB32755F7630029FD69 /* Singer+CoreDataProperties.swift */; };
		91375DB72755FE490029FD69 /* DataController.swift in Sources */ = {isa = PBXBuildFile; fileRef = 91375DB62755FE490029FD69 /* DataController.swift */; };
/* End PBXBuildFile section */

/* Begin PBXFileReference section */
		91375D9C2755EF460029FD69 /* DynamicFetchRequest.app */ = {isa = PBXFileReference; explicitFileType = wrapper.application; includeInIndex = 0; path = DynamicFetchRequest.app; sourceTree = BUILT_PRODUCTS_DIR; };
		91375D9F2755EF460029FD69 /* DynamicFetchRequestApp.swift */ = {isa = PBXFileReference; lastKnownFileType = sourcecode.swift; path = DynamicFetchRequestApp.swift; sourceTree = "<group>"; };
		91375DA12755EF460029FD69 /* ContentView.swift */ = {isa = PBXFileReference; lastKnownFileType = sourcecode.swift; path = ContentView.swift; sourceTree = "<group>"; };
		91375DA32755EF470029FD69 /* Assets.xcassets */ = {isa = PBXFileReference; lastKnownFileType = folder.assetcatalog; path = Assets.xcassets; sourceTree = "<group>"; };
		91375DA62755EF470029FD69 /* Preview Assets.xcassets */ = {isa = PBXFileReference; lastKnownFileType = folder.assetcatalog; path = "Preview Assets.xcassets"; sourceTree = "<group>"; };
		91375DAD2755EF990029FD69 /* FilteredList.swift */ = {isa = PBXFileReference; lastKnownFileType = sourcecode.swift; path = FilteredList.swift; sourceTree = "<group>"; };
		91375DB02755F67C0029FD69 /* CoreDataModel.xcdatamodel */ = {isa = PBXFileReference; lastKnownFileType = wrapper.xcdatamodel; path = CoreDataModel.xcdatamodel; sourceTree = "<group>"; };
		91375DB22755F7630029FD69 /* Singer+CoreDataClass.swift */ = {isa = PBXFileReference; lastKnownFileType = sourcecode.swift; name = "Singer+CoreDataClass.swift"; path = "DynamicFetchRequest/Singer+CoreDataClass.swift"; sourceTree = "<group>"; };
		91375DB32755F7630029FD69 /* Singer+CoreDataProperties.swift */ = {isa = PBXFileReference; lastKnownFileType = sourcecode.swift; name = "Singer+CoreDataProperties.swift"; path = "DynamicFetchRequest/Singer+CoreDataProperties.swift"; sourceTree = "<group>"; };
		91375DB62755FE490029FD69 /* DataController.swift */ = {isa = PBXFileReference; lastKnownFileType = sourcecode.swift; path = DataController.swift; sourceTree = "<group>"; };
/* End PBXFileReference section */

/* Begin PBXFrameworksBuildPhase section */
		91375D992755EF460029FD69 /* Frameworks */ = {
			isa = PBXFrameworksBuildPhase;
			buildActionMask = 2147483647;
			files = (
			);
			runOnlyForDeploymentPostprocessing = 0;
		};
/* End PBXFrameworksBuildPhase section */

/* Begin PBXGroup section */
		91375D932755EF460029FD69 = {
			isa = PBXGroup;
			children = (
				91375DB22755F7630029FD69 /* Singer+CoreDataClass.swift */,
				91375DB32755F7630029FD69 /* Singer+CoreDataProperties.swift */,
				91375D9E2755EF460029FD69 /* DynamicFetchRequest */,
				91375D9D2755EF460029FD69 /* Products */,
			);
			sourceTree = "<group>";
		};
		91375D9D2755EF460029FD69 /* Products */ = {
			isa = PBXGroup;
			children = (
				91375D9C2755EF460029FD69 /* DynamicFetchRequest.app */,
			);
			name = Products;
			sourceTree = "<group>";
		};
		91375D9E2755EF460029FD69 /* DynamicFetchRequest */ = {
			isa = PBXGroup;
			children = (
				91375D9F2755EF460029FD69 /* DynamicFetchRequestApp.swift */,
				91375DA12755EF460029FD69 /* ContentView.swift */,
				91375DB62755FE490029FD69 /* DataController.swift */,
				91375DAF2755F67C0029FD69 /* CoreDataModel.xcdatamodeld */,
				91375DAD2755EF990029FD69 /* FilteredList.swift */,
				91375DA32755EF470029FD69 /* Assets.xcassets */,
				91375DA52755EF470029FD69 /* Preview Content */,
			);
			path = DynamicFetchRequest;
			sourceTree = "<group>";
		};
		91375DA52755EF470029FD69 /* Preview Content */ = {
			isa = PBXGroup;
			children = (
				91375DA62755EF470029FD69 /* Preview Assets.xcassets */,
			);
			path = "Preview Content";
			sourceTree = "<group>";
		};
/* End PBXGroup section */

/* Begin PBXNativeTarget section */
		91375D9B2755EF460029FD69 /* DynamicFetchRequest */ = {
			isa = PBXNativeTarget;
			buildConfigurationList = 91375DAA2755EF470029FD69 /* Build configuration list for PBXNativeTarget "DynamicFetchRequest" */;
			buildPhases = (
				91375D982755EF460029FD69 /* Sources */,
				91375D992755EF460029FD69 /* Frameworks */,
				91375D9A2755EF460029FD69 /* Resources */,
			);
			buildRules = (
			);
			dependencies = (
			);
			name = DynamicFetchRequest;
			productName = DynamicFetchRequest;
			productReference = 91375D9C2755EF460029FD69 /* DynamicFetchRequest.app */;
			productType = "com.apple.product-type.application";
		};
/* End PBXNativeTarget section */

/* Begin PBXProject section */
		91375D942755EF460029FD69 /* Project object */ = {
			isa = PBXProject;
			attributes = {
				BuildIndependentTargetsInParallel = 1;
				LastSwiftUpdateCheck = 1310;
				LastUpgradeCheck = 1310;
				TargetAttributes = {
					91375D9B2755EF460029FD69 = {
						CreatedOnToolsVersion = 13.1;
					};
				};
			};
			buildConfigurationList = 91375D972755EF460029FD69 /* Build configuration list for PBXProject "DynamicFetchRequest" */;
			compatibilityVersion = "Xcode 13.0";
			developmentRegion = en;
			hasScannedForEncodings = 0;
			knownRegions = (
				en,
				Base,
			);
			mainGroup = 91375D932755EF460029FD69;
			productRefGroup = 91375D9D2755EF460029FD69 /* Products */;
			projectDirPath = "";
			projectRoot = "";
			targets = (
				91375D9B2755EF460029FD69 /* DynamicFetchRequest */,
			);
		};
/* End PBXProject section */

/* Begin PBXResourcesBuildPhase section */
		91375D9A2755EF460029FD69 /* Resources */ = {
			isa = PBXResourcesBuildPhase;
			buildActionMask = 2147483647;
			files = (
				91375DA72755EF470029FD69 /* Preview Assets.xcassets in Resources */,
				91375DA42755EF470029FD69 /* Assets.xcassets in Resources */,
			);
			runOnlyForDeploymentPostprocessing = 0;
		};
/* End PBXResourcesBuildPhase section */

/* Begin PBXSourcesBuildPhase section */
		91375D982755EF460029FD69 /* Sources */ = {
			isa = PBXSourcesBuildPhase;
			buildActionMask = 2147483647;
			files = (
				91375DB72755FE490029FD69 /* DataController.swift in Sources */,
				91375DA22755EF460029FD69 /* ContentView.swift in Sources */,
				91375DB52755F7630029FD69 /* Singer+CoreDataProperties.swift in Sources */,
				91375DA02755EF460029FD69 /* DynamicFetchRequestApp.swift in Sources */,
				91375DB42755F7630029FD69 /* Singer+CoreDataClass.swift in Sources */,
				91375DB12755F67C0029FD69 /* CoreDataModel.xcdatamodeld in Sources */,
				91375DAE2755EF990029FD69 /* FilteredList.swift in Sources */,
			);
			runOnlyForDeploymentPostprocessing = 0;
		};
/* End PBXSourcesBuildPhase section */

/* Begin XCBuildConfiguration section */
		91375DA82755EF470029FD69 /* Debug */ = {
			isa = XCBuildConfiguration;
			buildSettings = {
				ALWAYS_SEARCH_USER_PATHS = NO;
				CLANG_ANALYZER_NONNULL = YES;
				CLANG_ANALYZER_NUMBER_OBJECT_CONVERSION = YES_AGGRESSIVE;
				CLANG_CXX_LANGUAGE_STANDARD = "gnu++17";
				CLANG_CXX_LIBRARY = "libc++";
				CLANG_ENABLE_MODULES = YES;
				CLANG_ENABLE_OBJC_ARC = YES;
				CLANG_ENABLE_OBJC_WEAK = YES;
				CLANG_WARN_BLOCK_CAPTURE_AUTORELEASING = YES;
				CLANG_WARN_BOOL_CONVERSION = YES;
				CLANG_WARN_COMMA = YES;
				CLANG_WARN_CONSTANT_CONVERSION = YES;
				CLANG_WARN_DEPRECATED_OBJC_IMPLEMENTATIONS = YES;
				CLANG_WARN_DIRECT_OBJC_ISA_USAGE = YES_ERROR;
				CLANG_WARN_DOCUMENTATION_COMMENTS = YES;
				CLANG_WARN_EMPTY_BODY = YES;
				CLANG_WARN_ENUM_CONVERSION = YES;
				CLANG_WARN_INFINITE_RECURSION = YES;
				CLANG_WARN_INT_CONVERSION = YES;
				CLANG_WARN_NON_LITERAL_NULL_CONVERSION = YES;
				CLANG_WARN_OBJC_IMPLICIT_RETAIN_SELF = YES;
				CLANG_WARN_OBJC_LITERAL_CONVERSION = YES;
				CLANG_WARN_OBJC_ROOT_CLASS = YES_ERROR;
				CLANG_WARN_QUOTED_INCLUDE_IN_FRAMEWORK_HEADER = YES;
				CLANG_WARN_RANGE_LOOP_ANALYSIS = YES;
				CLANG_WARN_STRICT_PROTOTYPES = YES;
				CLANG_WARN_SUSPICIOUS_MOVE = YES;
				CLANG_WARN_UNGUARDED_AVAILABILITY = YES_AGGRESSIVE;
				CLANG_WARN_UNREACHABLE_CODE = YES;
				CLANG_WARN__DUPLICATE_METHOD_MATCH = YES;
				COPY_PHASE_STRIP = NO;
				DEBUG_INFORMATION_FORMAT = dwarf;
				ENABLE_STRICT_OBJC_MSGSEND = YES;
				ENABLE_TESTABILITY = YES;
				GCC_C_LANGUAGE_STANDARD = gnu11;
				GCC_DYNAMIC_NO_PIC = NO;
				GCC_NO_COMMON_BLOCKS = YES;
				GCC_OPTIMIZATION_LEVEL = 0;
				GCC_PREPROCESSOR_DEFINITIONS = (
					"DEBUG=1",
					"$(inherited)",
				);
				GCC_WARN_64_TO_32_BIT_CONVERSION = YES;
				GCC_WARN_ABOUT_RETURN_TYPE = YES_ERROR;
				GCC_WARN_UNDECLARED_SELECTOR = YES;
				GCC_WARN_UNINITIALIZED_AUTOS = YES_AGGRESSIVE;
				GCC_WARN_UNUSED_FUNCTION = YES;
				GCC_WARN_UNUSED_VARIABLE = YES;
				IPHONEOS_DEPLOYMENT_TARGET = 15.0;
				MTL_ENABLE_DEBUG_INFO = INCLUDE_SOURCE;
				MTL_FAST_MATH = YES;
				ONLY_ACTIVE_ARCH = YES;
				SDKROOT = iphoneos;
				SWIFT_ACTIVE_COMPILATION_CONDITIONS = DEBUG;
				SWIFT_OPTIMIZATION_LEVEL = "-Onone";
			};
			name = Debug;
		};
		91375DA92755EF470029FD69 /* Release */ = {
			isa = XCBuildConfiguration;
			buildSettings = {
				ALWAYS_SEARCH_USER_PATHS = NO;
				CLANG_ANALYZER_NONNULL = YES;
				CLANG_ANALYZER_NUMBER_OBJECT_CONVERSION = YES_AGGRESSIVE;
				CLANG_CXX_LANGUAGE_STANDARD = "gnu++17";
				CLANG_CXX_LIBRARY = "libc++";
				CLANG_ENABLE_MODULES = YES;
				CLANG_ENABLE_OBJC_ARC = YES;
				CLANG_ENABLE_OBJC_WEAK = YES;
				CLANG_WARN_BLOCK_CAPTURE_AUTORELEASING = YES;
				CLANG_WARN_BOOL_CONVERSION = YES;
				CLANG_WARN_COMMA = YES;
				CLANG_WARN_CONSTANT_CONVERSION = YES;
				CLANG_WARN_DEPRECATED_OBJC_IMPLEMENTATIONS = YES;
				CLANG_WARN_DIRECT_OBJC_ISA_USAGE = YES_ERROR;
				CLANG_WARN_DOCUMENTATION_COMMENTS = YES;
				CLANG_WARN_EMPTY_BODY = YES;
				CLANG_WARN_ENUM_CONVERSION = YES;
				CLANG_WARN_INFINITE_RECURSION = YES;
				CLANG_WARN_INT_CONVERSION = YES;
				CLANG_WARN_NON_LITERAL_NULL_CONVERSION = YES;
				CLANG_WARN_OBJC_IMPLICIT_RETAIN_SELF = YES;
				CLANG_WARN_OBJC_LITERAL_CONVERSION = YES;
				CLANG_WARN_OBJC_ROOT_CLASS = YES_ERROR;
				CLANG_WARN_QUOTED_INCLUDE_IN_FRAMEWORK_HEADER = YES;
				CLANG_WARN_RANGE_LOOP_ANALYSIS = YES;
				CLANG_WARN_STRICT_PROTOTYPES = YES;
				CLANG_WARN_SUSPICIOUS_MOVE = YES;
				CLANG_WARN_UNGUARDED_AVAILABILITY = YES_AGGRESSIVE;
				CLANG_WARN_UNREACHABLE_CODE = YES;
				CLANG_WARN__DUPLICATE_METHOD_MATCH = YES;
				COPY_PHASE_STRIP = NO;
				DEBUG_INFORMATION_FORMAT = "dwarf-with-dsym";
				ENABLE_NS_ASSERTIONS = NO;
				ENABLE_STRICT_OBJC_MSGSEND = YES;
				GCC_C_LANGUAGE_STANDARD = gnu11;
				GCC_NO_COMMON_BLOCKS = YES;
				GCC_WARN_64_TO_32_BIT_CONVERSION = YES;
				GCC_WARN_ABOUT_RETURN_TYPE = YES_ERROR;
				GCC_WARN_UNDECLARED_SELECTOR = YES;
				GCC_WARN_UNINITIALIZED_AUTOS = YES_AGGRESSIVE;
				GCC_WARN_UNUSED_FUNCTION = YES;
				GCC_WARN_UNUSED_VARIABLE = YES;
				IPHONEOS_DEPLOYMENT_TARGET = 15.0;
				MTL_ENABLE_DEBUG_INFO = NO;
				MTL_FAST_MATH = YES;
				SDKROOT = iphoneos;
				SWIFT_COMPILATION_MODE = wholemodule;
				SWIFT_OPTIMIZATION_LEVEL = "-O";
				VALIDATE_PRODUCT = YES;
			};
			name = Release;
		};
		91375DAB2755EF470029FD69 /* Debug */ = {
			isa = XCBuildConfiguration;
			buildSettings = {
				ASSETCATALOG_COMPILER_APPICON_NAME = AppIcon;
				ASSETCATALOG_COMPILER_GLOBAL_ACCENT_COLOR_NAME = AccentColor;
				CODE_SIGN_STYLE = Automatic;
				CURRENT_PROJECT_VERSION = 1;
				DEVELOPMENT_ASSET_PATHS = "\"DynamicFetchRequest/Preview Content\"";
				DEVELOPMENT_TEAM = C37927XKUL;
				ENABLE_PREVIEWS = YES;
				GENERATE_INFOPLIST_FILE = YES;
				INFOPLIST_KEY_UIApplicationSceneManifest_Generation = YES;
				INFOPLIST_KEY_UIApplicationSupportsIndirectInputEvents = YES;
				INFOPLIST_KEY_UILaunchScreen_Generation = YES;
				INFOPLIST_KEY_UISupportedInterfaceOrientations_iPad = "UIInterfaceOrientationPortrait UIInterfaceOrientationPortraitUpsideDown UIInterfaceOrientationLandscapeLeft UIInterfaceOrientationLandscapeRight";
				INFOPLIST_KEY_UISupportedInterfaceOrientations_iPhone = "UIInterfaceOrientationPortrait UIInterfaceOrientationLandscapeLeft UIInterfaceOrientationLandscapeRight";
				LD_RUNPATH_SEARCH_PATHS = (
					"$(inherited)",
					"@executable_path/Frameworks",
				);
				MARKETING_VERSION = 1.0;
				PRODUCT_BUNDLE_IDENTIFIER = com.larryburris.DynamicFetchRequest;
				PRODUCT_NAME = "$(TARGET_NAME)";
				SWIFT_EMIT_LOC_STRINGS = YES;
				SWIFT_VERSION = 5.0;
				TARGETED_DEVICE_FAMILY = "1,2";
			};
			name = Debug;
		};
		91375DAC2755EF470029FD69 /* Release */ = {
			isa = XCBuildConfiguration;
			buildSettings = {
				ASSETCATALOG_COMPILER_APPICON_NAME = AppIcon;
				ASSETCATALOG_COMPILER_GLOBAL_ACCENT_COLOR_NAME = AccentColor;
				CODE_SIGN_STYLE = Automatic;
				CURRENT_PROJECT_VERSION = 1;
				DEVELOPMENT_ASSET_PATHS = "\"DynamicFetchRequest/Preview Content\"";
				DEVELOPMENT_TEAM = C37927XKUL;
				ENABLE_PREVIEWS = YES;
				GENERATE_INFOPLIST_FILE = YES;
				INFOPLIST_KEY_UIApplicationSceneManifest_Generation = YES;
				INFOPLIST_KEY_UIApplicationSupportsIndirectInputEvents = YES;
				INFOPLIST_KEY_UILaunchScreen_Generation = YES;
				INFOPLIST_KEY_UISupportedInterfaceOrientations_iPad = "UIInterfaceOrientationPortrait UIInterfaceOrientationPortraitUpsideDown UIInterfaceOrientationLandscapeLeft UIInterfaceOrientationLandscapeRight";
				INFOPLIST_KEY_UISupportedInterfaceOrientations_iPhone = "UIInterfaceOrientationPortrait UIInterfaceOrientationLandscapeLeft UIInterfaceOrientationLandscapeRight";
				LD_RUNPATH_SEARCH_PATHS = (
					"$(inherited)",
					"@executable_path/Frameworks",
				);
				MARKETING_VERSION = 1.0;
				PRODUCT_BUNDLE_IDENTIFIER = com.larryburris.DynamicFetchRequest;
				PRODUCT_NAME = "$(TARGET_NAME)";
				SWIFT_EMIT_LOC_STRINGS = YES;
				SWIFT_VERSION = 5.0;
				TARGETED_DEVICE_FAMILY = "1,2";
			};
			name = Release;
		};
/* End XCBuildConfiguration section */

/* Begin XCConfigurationList section */
		91375D972755EF460029FD69 /* Build configuration list for PBXProject "DynamicFetchRequest" */ = {
			isa = XCConfigurationList;
			buildConfigurations = (
				91375DA82755EF470029FD69 /* Debug */,
				91375DA92755EF470029FD69 /* Release */,
			);
			defaultConfigurationIsVisible = 0;
			defaultConfigurationName = Release;
		};
		91375DAA2755EF470029FD69 /* Build configuration list for PBXNativeTarget "DynamicFetchRequest" */ = {
			isa = XCConfigurationList;
			buildConfigurations = (
				91375DAB2755EF470029FD69 /* Debug */,
				91375DAC2755EF470029FD69 /* Release */,
			);
			defaultConfigurationIsVisible = 0;
			defaultConfigurationName = Release;
		};
/* End XCConfigurationList section */

/* Begin XCVersionGroup section */
		91375DAF2755F67C0029FD69 /* CoreDataModel.xcdatamodeld */ = {
			isa = XCVersionGroup;
			children = (
				91375DB02755F67C0029FD69 /* CoreDataModel.xcdatamodel */,
			);
			currentVersion = 91375DB02755F67C0029FD69 /* CoreDataModel.xcdatamodel */;
			path = CoreDataModel.xcdatamodeld;
			sourceTree = "<group>";
			versionGroupType = wrapper.xcdatamodel;
		};
/* End XCVersionGroup section */
	};
	rootObject = 91375D942755EF460029FD69 /* Project object */;
}
